
Microsoft Visual Studio Solution File, Format Version 12.00
Project("{FAE04EC0-301F-11D3-BF4B-00C04F79EFBC}") = "CrystalCannon", "CrystalCannon\CrystalCannon.csproj", "{B1BABBED-6F45-47DD-A58E-7EDE2695FE53}"
EndProject
Global
	GlobalSection(SolutionConfigurationPlatforms) = preSolution
		Debug|Any CPU = Debug|Any CPU
		Release|Any CPU = Release|Any CPU
	EndGlobalSection
	GlobalSection(ProjectConfigurationPlatforms) = postSolution
		{B1BABBED-6F45-47DD-A58E-7EDE2695FE53}.Debug|Any CPU.ActiveCfg = Debug|Any CPU
		{B1BABBED-6F45-47DD-A58E-7EDE2695FE53}.Debug|Any CPU.Build.0 = Debug|Any CPU
		{B1BABBED-6F45-47DD-A58E-7EDE2695FE53}.Release|Any CPU.ActiveCfg = Release|Any CPU
		{B1BABBED-6F45-47DD-A58E-7EDE2695FE53}.Release|Any CPU.Build.0 = Release|Any CPU
	EndGlobalSection
EndGlobal
